
Microsoft Visual Studio Solution File, Format Version 12.00
# Visual Studio Version 17
VisualStudioVersion = 17.10.35004.147
MinimumVisualStudioVersion = 10.0.40219.1
Project("{FAE04EC0-301F-11D3-BF4B-00C04F79EFBC}") = "CRUD project", "CRUD project.csproj", "{CE584887-A758-4CFC-A6C1-8891EAFAF5CC}"
EndProject
Global
	GlobalSection(SolutionConfigurationPlatforms) = preSolution
		Debug|Any CPU = Debug|Any CPU
		Release|Any CPU = Release|Any CPU
	EndGlobalSection
	GlobalSection(ProjectConfigurationPlatforms) = postSolution
		{CE584887-A758-4CFC-A6C1-8891EAFAF5CC}.Debug|Any CPU.ActiveCfg = Debug|Any CPU
		{CE584887-A758-4CFC-A6C1-8891EAFAF5CC}.Debug|Any CPU.Build.0 = Debug|Any CPU
		{CE584887-A758-4CFC-A6C1-8891EAFAF5CC}.Release|Any CPU.ActiveCfg = Release|Any CPU
		{CE584887-A758-4CFC-A6C1-8891EAFAF5CC}.Release|Any CPU.Build.0 = Release|Any CPU
	EndGlobalSection
	GlobalSection(SolutionProperties) = preSolution
		HideSolutionNode = FALSE
	EndGlobalSection
	GlobalSection(ExtensibilityGlobals) = postSolution
		SolutionGuid = {799ADB89-0F08-4D07-8C4D-FA06F5B701DD}
	EndGlobalSection
EndGlobal
